
Microsoft Visual Studio Solution File, Format Version 12.00
# Visual Studio Version 17
VisualStudioVersion = 17.11.35219.272
MinimumVisualStudioVersion = 10.0.40219.1
Project("{FAE04EC0-301F-11D3-BF4B-00C04F79EFBC}") = "KefTools", "KefTools\KefTools.csproj", "{FC514EE3-D6FA-4A43-878C-4CF18F587F47}"
EndProject
Project("{2150E333-8FDC-42A3-9474-1A3956D46DE8}") = "KefUtils", "KefUtils", "{02EA681E-C7D8-13C7-8484-4AC65E1B71E8}"
EndProject
Project("{2150E333-8FDC-42A3-9474-1A3956D46DE8}") = "Libs", "Libs", "{292C18B3-2049-46A2-B35D-10A8A9E5A9B9}"
EndProject
Project("{2150E333-8FDC-42A3-9474-1A3956D46DE8}") = "FreeImage.NET", "FreeImage.NET", "{A1C61026-B9D4-4EEE-B2F0-90FDC7224A04}"
EndProject
Project("{2150E333-8FDC-42A3-9474-1A3956D46DE8}") = "cs", "cs", "{0C87C5FC-36EE-46B6-9803-EFCCEE15DF91}"
EndProject
Project("{2150E333-8FDC-42A3-9474-1A3956D46DE8}") = "Samples", "Samples", "{771D7A7F-6D90-469E-ADCC-3299CF31625B}"
EndProject
Project("{FAE04EC0-301F-11D3-BF4B-00C04F79EFBC}") = "Library", "modules\KefUtils\KefUtils\Libs\FreeImage.NET\cs\Library\Library.csproj", "{6598A7CD-8F27-4D3F-A675-5AE63113A7C3}"
EndProject
Project("{FAE04EC0-301F-11D3-BF4B-00C04F79EFBC}") = "KefUtils-Spa-Converter", "modules\KefUtils\KefUtils\KefUtils-Spa-Converter\KefUtils-Spa-Converter.csproj", "{647B4CA3-8554-D139-99E9-30CCB3CFCFF1}"
EndProject
Project("{FAE04EC0-301F-11D3-BF4B-00C04F79EFBC}") = "KefUtils", "modules\KefUtils\KefUtils\KefUtils\KefUtils.csproj", "{6B808431-4C86-F90C-BE57-53EB69963000}"
EndProject
Global
	GlobalSection(SolutionConfigurationPlatforms) = preSolution
		Debug|Any CPU = Debug|Any CPU
		Release|Any CPU = Release|Any CPU
	EndGlobalSection
	GlobalSection(ProjectConfigurationPlatforms) = postSolution
		{FC514EE3-D6FA-4A43-878C-4CF18F587F47}.Debug|Any CPU.ActiveCfg = Debug|Any CPU
		{FC514EE3-D6FA-4A43-878C-4CF18F587F47}.Debug|Any CPU.Build.0 = Debug|Any CPU
		{FC514EE3-D6FA-4A43-878C-4CF18F587F47}.Release|Any CPU.ActiveCfg = Release|Any CPU
		{FC514EE3-D6FA-4A43-878C-4CF18F587F47}.Release|Any CPU.Build.0 = Release|Any CPU
		{6598A7CD-8F27-4D3F-A675-5AE63113A7C3}.Debug|Any CPU.ActiveCfg = Debug|Any CPU
		{6598A7CD-8F27-4D3F-A675-5AE63113A7C3}.Debug|Any CPU.Build.0 = Debug|Any CPU
		{6598A7CD-8F27-4D3F-A675-5AE63113A7C3}.Release|Any CPU.ActiveCfg = Release|Any CPU
		{6598A7CD-8F27-4D3F-A675-5AE63113A7C3}.Release|Any CPU.Build.0 = Release|Any CPU
		{647B4CA3-8554-D139-99E9-30CCB3CFCFF1}.Debug|Any CPU.ActiveCfg = Debug|Any CPU
		{647B4CA3-8554-D139-99E9-30CCB3CFCFF1}.Debug|Any CPU.Build.0 = Debug|Any CPU
		{647B4CA3-8554-D139-99E9-30CCB3CFCFF1}.Release|Any CPU.ActiveCfg = Release|Any CPU
		{647B4CA3-8554-D139-99E9-30CCB3CFCFF1}.Release|Any CPU.Build.0 = Release|Any CPU
		{6B808431-4C86-F90C-BE57-53EB69963000}.Debug|Any CPU.ActiveCfg = Debug|Any CPU
		{6B808431-4C86-F90C-BE57-53EB69963000}.Debug|Any CPU.Build.0 = Debug|Any CPU
		{6B808431-4C86-F90C-BE57-53EB69963000}.Release|Any CPU.ActiveCfg = Release|Any CPU
		{6B808431-4C86-F90C-BE57-53EB69963000}.Release|Any CPU.Build.0 = Release|Any CPU
	EndGlobalSection
	GlobalSection(SolutionProperties) = preSolution
		HideSolutionNode = FALSE
	EndGlobalSection
	GlobalSection(NestedProjects) = preSolution
		{292C18B3-2049-46A2-B35D-10A8A9E5A9B9} = {02EA681E-C7D8-13C7-8484-4AC65E1B71E8}
		{A1C61026-B9D4-4EEE-B2F0-90FDC7224A04} = {292C18B3-2049-46A2-B35D-10A8A9E5A9B9}
		{0C87C5FC-36EE-46B6-9803-EFCCEE15DF91} = {A1C61026-B9D4-4EEE-B2F0-90FDC7224A04}
		{771D7A7F-6D90-469E-ADCC-3299CF31625B} = {0C87C5FC-36EE-46B6-9803-EFCCEE15DF91}
		{6598A7CD-8F27-4D3F-A675-5AE63113A7C3} = {0C87C5FC-36EE-46B6-9803-EFCCEE15DF91}
		{647B4CA3-8554-D139-99E9-30CCB3CFCFF1} = {02EA681E-C7D8-13C7-8484-4AC65E1B71E8}
		{6B808431-4C86-F90C-BE57-53EB69963000} = {02EA681E-C7D8-13C7-8484-4AC65E1B71E8}
	EndGlobalSection
	GlobalSection(ExtensibilityGlobals) = postSolution
		SolutionGuid = {E0623F4B-2C05-412C-A91F-555ADE6F7006}
	EndGlobalSection
EndGlobal
